// !$*UTF8*$!
{
	archiveVersion = 1;
	classes = {
	};
	objectVersion = 56;
	objects = {

/* Begin PBXBuildFile section */
		0E0D79DB2D4EB96B004FB156 /* raketno_nebezpechna_slobidkaApp.swift in Sources */ = {isa = PBXBuildFile; fileRef = 0E0D79DA2D4EB96B004FB156 /* raketno_nebezpechna_slobidkaApp.swift */; };
		0E0D79DD2D4EB96B004FB156 /* ContentView.swift in Sources */ = {isa = PBXBuildFile; fileRef = 0E0D79DC2D4EB96B004FB156 /* ContentView.swift */; };
		0E0D79DF2D4EB96C004FB156 /* Assets.xcassets in Resources */ = {isa = PBXBuildFile; fileRef = 0E0D79DE2D4EB96C004FB156 /* Assets.xcassets */; };
		0E0D79E22D4EB96C004FB156 /* Preview Assets.xcassets in Resources */ = {isa = PBXBuildFile; fileRef = 0E0D79E12D4EB96C004FB156 /* Preview Assets.xcassets */; };
		0E0D79EC2D4EB96D004FB156 /* raketno_nebezpechna_slobidkaTests.swift in Sources */ = {isa = PBXBuildFile; fileRef = 0E0D79EB2D4EB96D004FB156 /* raketno_nebezpechna_slobidkaTests.swift */; };
		0E0D79F62D4EB96D004FB156 /* raketno_nebezpechna_slobidkaUITests.swift in Sources */ = {isa = PBXBuildFile; fileRef = 0E0D79F52D4EB96D004FB156 /* raketno_nebezpechna_slobidkaUITests.swift */; };
		0E0D79F82D4EB96D004FB156 /* raketno_nebezpechna_slobidkaUITestsLaunchTests.swift in Sources */ = {isa = PBXBuildFile; fileRef = 0E0D79F72D4EB96D004FB156 /* raketno_nebezpechna_slobidkaUITestsLaunchTests.swift */; };
		0E0D7A082D4FE5BD004FB156 /* alarm.wav in Resources */ = {isa = PBXBuildFile; fileRef = 0E0D7A072D4FE5BD004FB156 /* alarm.wav */; };
/* End PBXBuildFile section */

/* Begin PBXContainerItemProxy section */
		0E0D79E82D4EB96D004FB156 /* PBXContainerItemProxy */ = {
			isa = PBXContainerItemProxy;
			containerPortal = 0E0D79CF2D4EB96B004FB156 /* Project object */;
			proxyType = 1;
			remoteGlobalIDString = 0E0D79D62D4EB96B004FB156;
			remoteInfo = "raketno-nebezpechna-slobidka";
		};
		0E0D79F22D4EB96D004FB156 /* PBXContainerItemProxy */ = {
			isa = PBXContainerItemProxy;
			containerPortal = 0E0D79CF2D4EB96B004FB156 /* Project object */;
			proxyType = 1;
			remoteGlobalIDString = 0E0D79D62D4EB96B004FB156;
			remoteInfo = "raketno-nebezpechna-slobidka";
		};
/* End PBXContainerItemProxy section */

/* Begin PBXFileReference section */
		0E0D79D72D4EB96B004FB156 /* raketno-nebezpechna-slobidka.app */ = {isa = PBXFileReference; explicitFileType = wrapper.application; includeInIndex = 0; path = "raketno-nebezpechna-slobidka.app"; sourceTree = BUILT_PRODUCTS_DIR; };
		0E0D79DA2D4EB96B004FB156 /* raketno_nebezpechna_slobidkaApp.swift */ = {isa = PBXFileReference; lastKnownFileType = sourcecode.swift; path = raketno_nebezpechna_slobidkaApp.swift; sourceTree = "<group>"; };
		0E0D79DC2D4EB96B004FB156 /* ContentView.swift */ = {isa = PBXFileReference; lastKnownFileType = sourcecode.swift; path = ContentView.swift; sourceTree = "<group>"; };
		0E0D79DE2D4EB96C004FB156 /* Assets.xcassets */ = {isa = PBXFileReference; lastKnownFileType = folder.assetcatalog; path = Assets.xcassets; sourceTree = "<group>"; };
		0E0D79E12D4EB96C004FB156 /* Preview Assets.xcassets */ = {isa = PBXFileReference; lastKnownFileType = folder.assetcatalog; path = "Preview Assets.xcassets"; sourceTree = "<group>"; };
		0E0D79E72D4EB96D004FB156 /* raketno-nebezpechna-slobidkaTests.xctest */ = {isa = PBXFileReference; explicitFileType = wrapper.cfbundle; includeInIndex = 0; path = "raketno-nebezpechna-slobidkaTests.xctest"; sourceTree = BUILT_PRODUCTS_DIR; };
		0E0D79EB2D4EB96D004FB156 /* raketno_nebezpechna_slobidkaTests.swift */ = {isa = PBXFileReference; lastKnownFileType = sourcecode.swift; path = raketno_nebezpechna_slobidkaTests.swift; sourceTree = "<group>"; };
		0E0D79F12D4EB96D004FB156 /* raketno-nebezpechna-slobidkaUITests.xctest */ = {isa = PBXFileReference; explicitFileType = wrapper.cfbundle; includeInIndex = 0; path = "raketno-nebezpechna-slobidkaUITests.xctest"; sourceTree = BUILT_PRODUCTS_DIR; };
		0E0D79F52D4EB96D004FB156 /* raketno_nebezpechna_slobidkaUITests.swift */ = {isa = PBXFileReference; lastKnownFileType = sourcecode.swift; path = raketno_nebezpechna_slobidkaUITests.swift; sourceTree = "<group>"; };
		0E0D79F72D4EB96D004FB156 /* raketno_nebezpechna_slobidkaUITestsLaunchTests.swift */ = {isa = PBXFileReference; lastKnownFileType = sourcecode.swift; path = raketno_nebezpechna_slobidkaUITestsLaunchTests.swift; sourceTree = "<group>"; };
		0E0D7A072D4FE5BD004FB156 /* alarm.wav */ = {isa = PBXFileReference; lastKnownFileType = audio.wav; path = alarm.wav; sourceTree = "<group>"; };
/* End PBXFileReference section */

/* Begin PBXFrameworksBuildPhase section */
		0E0D79D42D4EB96B004FB156 /* Frameworks */ = {
			isa = PBXFrameworksBuildPhase;
			buildActionMask = 2147483647;
			files = (
			);
			runOnlyForDeploymentPostprocessing = 0;
		};
		0E0D79E42D4EB96D004FB156 /* Frameworks */ = {
			isa = PBXFrameworksBuildPhase;
			buildActionMask = 2147483647;
			files = (
			);
			runOnlyForDeploymentPostprocessing = 0;
		};
		0E0D79EE2D4EB96D004FB156 /* Frameworks */ = {
			isa = PBXFrameworksBuildPhase;
			buildActionMask = 2147483647;
			files = (
			);
			runOnlyForDeploymentPostprocessing = 0;
		};
/* End PBXFrameworksBuildPhase section */

/* Begin PBXGroup section */
		0E0D79CE2D4EB96B004FB156 = {
			isa = PBXGroup;
			children = (
				0E0D79D92D4EB96B004FB156 /* raketno-nebezpechna-slobidka */,
				0E0D79EA2D4EB96D004FB156 /* raketno-nebezpechna-slobidkaTests */,
				0E0D79F42D4EB96D004FB156 /* raketno-nebezpechna-slobidkaUITests */,
				0E0D79D82D4EB96B004FB156 /* Products */,
			);
			sourceTree = "<group>";
		};
		0E0D79D82D4EB96B004FB156 /* Products */ = {
			isa = PBXGroup;
			children = (
				0E0D79D72D4EB96B004FB156 /* raketno-nebezpechna-slobidka.app */,
				0E0D79E72D4EB96D004FB156 /* raketno-nebezpechna-slobidkaTests.xctest */,
				0E0D79F12D4EB96D004FB156 /* raketno-nebezpechna-slobidkaUITests.xctest */,
			);
			name = Products;
			sourceTree = "<group>";
		};
		0E0D79D92D4EB96B004FB156 /* raketno-nebezpechna-slobidka */ = {
			isa = PBXGroup;
			children = (
				0E0D7A072D4FE5BD004FB156 /* alarm.wav */,
				0E0D79DA2D4EB96B004FB156 /* raketno_nebezpechna_slobidkaApp.swift */,
				0E0D79DC2D4EB96B004FB156 /* ContentView.swift */,
				0E0D79DE2D4EB96C004FB156 /* Assets.xcassets */,
				0E0D79E02D4EB96C004FB156 /* Preview Content */,
			);
			path = "raketno-nebezpechna-slobidka";
			sourceTree = "<group>";
		};
		0E0D79E02D4EB96C004FB156 /* Preview Content */ = {
			isa = PBXGroup;
			children = (
				0E0D79E12D4EB96C004FB156 /* Preview Assets.xcassets */,
			);
			path = "Preview Content";
			sourceTree = "<group>";
		};
		0E0D79EA2D4EB96D004FB156 /* raketno-nebezpechna-slobidkaTests */ = {
			isa = PBXGroup;
			children = (
				0E0D79EB2D4EB96D004FB156 /* raketno_nebezpechna_slobidkaTests.swift */,
			);
			path = "raketno-nebezpechna-slobidkaTests";
			sourceTree = "<group>";
		};
		0E0D79F42D4EB96D004FB156 /* raketno-nebezpechna-slobidkaUITests */ = {
			isa = PBXGroup;
			children = (
				0E0D79F52D4EB96D004FB156 /* raketno_nebezpechna_slobidkaUITests.swift */,
				0E0D79F72D4EB96D004FB156 /* raketno_nebezpechna_slobidkaUITestsLaunchTests.swift */,
			);
			path = "raketno-nebezpechna-slobidkaUITests";
			sourceTree = "<group>";
		};
/* End PBXGroup section */

/* Begin PBXNativeTarget section */
		0E0D79D62D4EB96B004FB156 /* raketno-nebezpechna-slobidka */ = {
			isa = PBXNativeTarget;
			buildConfigurationList = 0E0D79FB2D4EB96D004FB156 /* Build configuration list for PBXNativeTarget "raketno-nebezpechna-slobidka" */;
			buildPhases = (
				0E0D79D32D4EB96B004FB156 /* Sources */,
				0E0D79D42D4EB96B004FB156 /* Frameworks */,
				0E0D79D52D4EB96B004FB156 /* Resources */,
			);
			buildRules = (
			);
			dependencies = (
			);
			name = "raketno-nebezpechna-slobidka";
			productName = "raketno-nebezpechna-slobidka";
			productReference = 0E0D79D72D4EB96B004FB156 /* raketno-nebezpechna-slobidka.app */;
			productType = "com.apple.product-type.application";
		};
		0E0D79E62D4EB96D004FB156 /* raketno-nebezpechna-slobidkaTests */ = {
			isa = PBXNativeTarget;
			buildConfigurationList = 0E0D79FE2D4EB96D004FB156 /* Build configuration list for PBXNativeTarget "raketno-nebezpechna-slobidkaTests" */;
			buildPhases = (
				0E0D79E32D4EB96D004FB156 /* Sources */,
				0E0D79E42D4EB96D004FB156 /* Frameworks */,
				0E0D79E52D4EB96D004FB156 /* Resources */,
			);
			buildRules = (
			);
			dependencies = (
				0E0D79E92D4EB96D004FB156 /* PBXTargetDependency */,
			);
			name = "raketno-nebezpechna-slobidkaTests";
			productName = "raketno-nebezpechna-slobidkaTests";
			productReference = 0E0D79E72D4EB96D004FB156 /* raketno-nebezpechna-slobidkaTests.xctest */;
			productType = "com.apple.product-type.bundle.unit-test";
		};
		0E0D79F02D4EB96D004FB156 /* raketno-nebezpechna-slobidkaUITests */ = {
			isa = PBXNativeTarget;
			buildConfigurationList = 0E0D7A012D4EB96D004FB156 /* Build configuration list for PBXNativeTarget "raketno-nebezpechna-slobidkaUITests" */;
			buildPhases = (
				0E0D79ED2D4EB96D004FB156 /* Sources */,
				0E0D79EE2D4EB96D004FB156 /* Frameworks */,
				0E0D79EF2D4EB96D004FB156 /* Resources */,
			);
			buildRules = (
			);
			dependencies = (
				0E0D79F32D4EB96D004FB156 /* PBXTargetDependency */,
			);
			name = "raketno-nebezpechna-slobidkaUITests";
			productName = "raketno-nebezpechna-slobidkaUITests";
			productReference = 0E0D79F12D4EB96D004FB156 /* raketno-nebezpechna-slobidkaUITests.xctest */;
			productType = "com.apple.product-type.bundle.ui-testing";
		};
/* End PBXNativeTarget section */

/* Begin PBXProject section */
		0E0D79CF2D4EB96B004FB156 /* Project object */ = {
			isa = PBXProject;
			attributes = {
				BuildIndependentTargetsInParallel = 1;
				LastSwiftUpdateCheck = 1520;
				LastUpgradeCheck = 1520;
				TargetAttributes = {
					0E0D79D62D4EB96B004FB156 = {
						CreatedOnToolsVersion = 15.2;
					};
					0E0D79E62D4EB96D004FB156 = {
						CreatedOnToolsVersion = 15.2;
						TestTargetID = 0E0D79D62D4EB96B004FB156;
					};
					0E0D79F02D4EB96D004FB156 = {
						CreatedOnToolsVersion = 15.2;
						TestTargetID = 0E0D79D62D4EB96B004FB156;
					};
				};
			};
			buildConfigurationList = 0E0D79D22D4EB96B004FB156 /* Build configuration list for PBXProject "raketno-nebezpechna-slobidka" */;
			compatibilityVersion = "Xcode 14.0";
			developmentRegion = en;
			hasScannedForEncodings = 0;
			knownRegions = (
				en,
				Base,
			);
			mainGroup = 0E0D79CE2D4EB96B004FB156;
			productRefGroup = 0E0D79D82D4EB96B004FB156 /* Products */;
			projectDirPath = "";
			projectRoot = "";
			targets = (
				0E0D79D62D4EB96B004FB156 /* raketno-nebezpechna-slobidka */,
				0E0D79E62D4EB96D004FB156 /* raketno-nebezpechna-slobidkaTests */,
				0E0D79F02D4EB96D004FB156 /* raketno-nebezpechna-slobidkaUITests */,
			);
		};
/* End PBXProject section */

/* Begin PBXResourcesBuildPhase section */
		0E0D79D52D4EB96B004FB156 /* Resources */ = {
			isa = PBXResourcesBuildPhase;
			buildActionMask = 2147483647;
			files = (
				0E0D79E22D4EB96C004FB156 /* Preview Assets.xcassets in Resources */,
				0E0D79DF2D4EB96C004FB156 /* Assets.xcassets in Resources */,
				0E0D7A082D4FE5BD004FB156 /* alarm.wav in Resources */,
			);
			runOnlyForDeploymentPostprocessing = 0;
		};
		0E0D79E52D4EB96D004FB156 /* Resources */ = {
			isa = PBXResourcesBuildPhase;
			buildActionMask = 2147483647;
			files = (
			);
			runOnlyForDeploymentPostprocessing = 0;
		};
		0E0D79EF2D4EB96D004FB156 /* Resources */ = {
			isa = PBXResourcesBuildPhase;
			buildActionMask = 2147483647;
			files = (
			);
			runOnlyForDeploymentPostprocessing = 0;
		};
/* End PBXResourcesBuildPhase section */

/* Begin PBXSourcesBuildPhase section */
		0E0D79D32D4EB96B004FB156 /* Sources */ = {
			isa = PBXSourcesBuildPhase;
			buildActionMask = 2147483647;
			files = (
				0E0D79DD2D4EB96B004FB156 /* ContentView.swift in Sources */,
				0E0D79DB2D4EB96B004FB156 /* raketno_nebezpechna_slobidkaApp.swift in Sources */,
			);
			runOnlyForDeploymentPostprocessing = 0;
		};
		0E0D79E32D4EB96D004FB156 /* Sources */ = {
			isa = PBXSourcesBuildPhase;
			buildActionMask = 2147483647;
			files = (
				0E0D79EC2D4EB96D004FB156 /* raketno_nebezpechna_slobidkaTests.swift in Sources */,
			);
			runOnlyForDeploymentPostprocessing = 0;
		};
		0E0D79ED2D4EB96D004FB156 /* Sources */ = {
			isa = PBXSourcesBuildPhase;
			buildActionMask = 2147483647;
			files = (
				0E0D79F82D4EB96D004FB156 /* raketno_nebezpechna_slobidkaUITestsLaunchTests.swift in Sources */,
				0E0D79F62D4EB96D004FB156 /* raketno_nebezpechna_slobidkaUITests.swift in Sources */,
			);
			runOnlyForDeploymentPostprocessing = 0;
		};
/* End PBXSourcesBuildPhase section */

/* Begin PBXTargetDependency section */
		0E0D79E92D4EB96D004FB156 /* PBXTargetDependency */ = {
			isa = PBXTargetDependency;
			target = 0E0D79D62D4EB96B004FB156 /* raketno-nebezpechna-slobidka */;
			targetProxy = 0E0D79E82D4EB96D004FB156 /* PBXContainerItemProxy */;
		};
		0E0D79F32D4EB96D004FB156 /* PBXTargetDependency */ = {
			isa = PBXTargetDependency;
			target = 0E0D79D62D4EB96B004FB156 /* raketno-nebezpechna-slobidka */;
			targetProxy = 0E0D79F22D4EB96D004FB156 /* PBXContainerItemProxy */;
		};
/* End PBXTargetDependency section */

/* Begin XCBuildConfiguration section */
		0E0D79F92D4EB96D004FB156 /* Debug */ = {
			isa = XCBuildConfiguration;
			buildSettings = {
				ALWAYS_SEARCH_USER_PATHS = NO;
				ASSETCATALOG_COMPILER_GENERATE_SWIFT_ASSET_SYMBOL_EXTENSIONS = YES;
				CLANG_ANALYZER_NONNULL = YES;
				CLANG_ANALYZER_NUMBER_OBJECT_CONVERSION = YES_AGGRESSIVE;
				CLANG_CXX_LANGUAGE_STANDARD = "gnu++20";
				CLANG_ENABLE_MODULES = YES;
				CLANG_ENABLE_OBJC_ARC = YES;
				CLANG_ENABLE_OBJC_WEAK = YES;
				CLANG_WARN_BLOCK_CAPTURE_AUTORELEASING = YES;
				CLANG_WARN_BOOL_CONVERSION = YES;
				CLANG_WARN_COMMA = YES;
				CLANG_WARN_CONSTANT_CONVERSION = YES;
				CLANG_WARN_DEPRECATED_OBJC_IMPLEMENTATIONS = YES;
				CLANG_WARN_DIRECT_OBJC_ISA_USAGE = YES_ERROR;
				CLANG_WARN_DOCUMENTATION_COMMENTS = YES;
				CLANG_WARN_EMPTY_BODY = YES;
				CLANG_WARN_ENUM_CONVERSION = YES;
				CLANG_WARN_INFINITE_RECURSION = YES;
				CLANG_WARN_INT_CONVERSION = YES;
				CLANG_WARN_NON_LITERAL_NULL_CONVERSION = YES;
				CLANG_WARN_OBJC_IMPLICIT_RETAIN_SELF = YES;
				CLANG_WARN_OBJC_LITERAL_CONVERSION = YES;
				CLANG_WARN_OBJC_ROOT_CLASS = YES_ERROR;
				CLANG_WARN_QUOTED_INCLUDE_IN_FRAMEWORK_HEADER = YES;
				CLANG_WARN_RANGE_LOOP_ANALYSIS = YES;
				CLANG_WARN_STRICT_PROTOTYPES = YES;
				CLANG_WARN_SUSPICIOUS_MOVE = YES;
				CLANG_WARN_UNGUARDED_AVAILABILITY = YES_AGGRESSIVE;
				CLANG_WARN_UNREACHABLE_CODE = YES;
				CLANG_WARN__DUPLICATE_METHOD_MATCH = YES;
				COPY_PHASE_STRIP = NO;
				DEBUG_INFORMATION_FORMAT = dwarf;
				ENABLE_STRICT_OBJC_MSGSEND = YES;
				ENABLE_TESTABILITY = YES;
				ENABLE_USER_SCRIPT_SANDBOXING = YES;
				GCC_C_LANGUAGE_STANDARD = gnu17;
				GCC_DYNAMIC_NO_PIC = NO;
				GCC_NO_COMMON_BLOCKS = YES;
				GCC_OPTIMIZATION_LEVEL = 0;
				GCC_PREPROCESSOR_DEFINITIONS = (
					"DEBUG=1",
					"$(inherited)",
				);
				GCC_WARN_64_TO_32_BIT_CONVERSION = YES;
				GCC_WARN_ABOUT_RETURN_TYPE = YES_ERROR;
				GCC_WARN_UNDECLARED_SELECTOR = YES;
				GCC_WARN_UNINITIALIZED_AUTOS = YES_AGGRESSIVE;
				GCC_WARN_UNUSED_FUNCTION = YES;
				GCC_WARN_UNUSED_VARIABLE = YES;
				IPHONEOS_DEPLOYMENT_TARGET = 17.2;
				LOCALIZATION_PREFERS_STRING_CATALOGS = YES;
				MTL_ENABLE_DEBUG_INFO = INCLUDE_SOURCE;
				MTL_FAST_MATH = YES;
				ONLY_ACTIVE_ARCH = YES;
				SDKROOT = iphoneos;
				SWIFT_ACTIVE_COMPILATION_CONDITIONS = "DEBUG $(inherited)";
				SWIFT_OPTIMIZATION_LEVEL = "-Onone";
			};
			name = Debug;
		};
		0E0D79FA2D4EB96D004FB156 /* Release */ = {
			isa = XCBuildConfiguration;
			buildSettings = {
				ALWAYS_SEARCH_USER_PATHS = NO;
				ASSETCATALOG_COMPILER_GENERATE_SWIFT_ASSET_SYMBOL_EXTENSIONS = YES;
				CLANG_ANALYZER_NONNULL = YES;
				CLANG_ANALYZER_NUMBER_OBJECT_CONVERSION = YES_AGGRESSIVE;
				CLANG_CXX_LANGUAGE_STANDARD = "gnu++20";
				CLANG_ENABLE_MODULES = YES;
				CLANG_ENABLE_OBJC_ARC = YES;
				CLANG_ENABLE_OBJC_WEAK = YES;
				CLANG_WARN_BLOCK_CAPTURE_AUTORELEASING = YES;
				CLANG_WARN_BOOL_CONVERSION = YES;
				CLANG_WARN_COMMA = YES;
				CLANG_WARN_CONSTANT_CONVERSION = YES;
				CLANG_WARN_DEPRECATED_OBJC_IMPLEMENTATIONS = YES;
				CLANG_WARN_DIRECT_OBJC_ISA_USAGE = YES_ERROR;
				CLANG_WARN_DOCUMENTATION_COMMENTS = YES;
				CLANG_WARN_EMPTY_BODY = YES;
				CLANG_WARN_ENUM_CONVERSION = YES;
				CLANG_WARN_INFINITE_RECURSION = YES;
				CLANG_WARN_INT_CONVERSION = YES;
				CLANG_WARN_NON_LITERAL_NULL_CONVERSION = YES;
				CLANG_WARN_OBJC_IMPLICIT_RETAIN_SELF = YES;
				CLANG_WARN_OBJC_LITERAL_CONVERSION = YES;
				CLANG_WARN_OBJC_ROOT_CLASS = YES_ERROR;
				CLANG_WARN_QUOTED_INCLUDE_IN_FRAMEWORK_HEADER = YES;
				CLANG_WARN_RANGE_LOOP_ANALYSIS = YES;
				CLANG_WARN_STRICT_PROTOTYPES = YES;
				CLANG_WARN_SUSPICIOUS_MOVE = YES;
				CLANG_WARN_UNGUARDED_AVAILABILITY = YES_AGGRESSIVE;
				CLANG_WARN_UNREACHABLE_CODE = YES;
				CLANG_WARN__DUPLICATE_METHOD_MATCH = YES;
				COPY_PHASE_STRIP = NO;
				DEBUG_INFORMATION_FORMAT = "dwarf-with-dsym";
				ENABLE_NS_ASSERTIONS = NO;
				ENABLE_STRICT_OBJC_MSGSEND = YES;
				ENABLE_USER_SCRIPT_SANDBOXING = YES;
				GCC_C_LANGUAGE_STANDARD = gnu17;
				GCC_NO_COMMON_BLOCKS = YES;
				GCC_WARN_64_TO_32_BIT_CONVERSION = YES;
				GCC_WARN_ABOUT_RETURN_TYPE = YES_ERROR;
				GCC_WARN_UNDECLARED_SELECTOR = YES;
				GCC_WARN_UNINITIALIZED_AUTOS = YES_AGGRESSIVE;
				GCC_WARN_UNUSED_FUNCTION = YES;
				GCC_WARN_UNUSED_VARIABLE = YES;
				IPHONEOS_DEPLOYMENT_TARGET = 17.2;
				LOCALIZATION_PREFERS_STRING_CATALOGS = YES;
				MTL_ENABLE_DEBUG_INFO = NO;
				MTL_FAST_MATH = YES;
				SDKROOT = iphoneos;
				SWIFT_COMPILATION_MODE = wholemodule;
				VALIDATE_PRODUCT = YES;
			};
			name = Release;
		};
		0E0D79FC2D4EB96D004FB156 /* Debug */ = {
			isa = XCBuildConfiguration;
			buildSettings = {
				ASSETCATALOG_COMPILER_APPICON_NAME = AppIcon;
				ASSETCATALOG_COMPILER_GLOBAL_ACCENT_COLOR_NAME = AccentColor;
				CODE_SIGN_STYLE = Automatic;
				CURRENT_PROJECT_VERSION = 1;
				DEVELOPMENT_ASSET_PATHS = "\"raketno-nebezpechna-slobidka/Preview Content\"";
				DEVELOPMENT_TEAM = 352H522HS3;
				ENABLE_PREVIEWS = YES;
				GENERATE_INFOPLIST_FILE = YES;
				INFOPLIST_KEY_UIApplicationSceneManifest_Generation = YES;
				INFOPLIST_KEY_UIApplicationSupportsIndirectInputEvents = YES;
				INFOPLIST_KEY_UILaunchScreen_Generation = YES;
				INFOPLIST_KEY_UISupportedInterfaceOrientations_iPad = "UIInterfaceOrientationPortrait UIInterfaceOrientationPortraitUpsideDown UIInterfaceOrientationLandscapeLeft UIInterfaceOrientationLandscapeRight";
				INFOPLIST_KEY_UISupportedInterfaceOrientations_iPhone = "UIInterfaceOrientationPortrait UIInterfaceOrientationLandscapeLeft UIInterfaceOrientationLandscapeRight";
				LD_RUNPATH_SEARCH_PATHS = (
					"$(inherited)",
					"@executable_path/Frameworks",
				);
				MARKETING_VERSION = 1.0;
				PRODUCT_BUNDLE_IDENTIFIER = "com.vitja.projects.raketno-nebezpechna-slobidka";
				PRODUCT_NAME = "$(TARGET_NAME)";
				SWIFT_EMIT_LOC_STRINGS = YES;
				SWIFT_VERSION = 5.0;
				TARGETED_DEVICE_FAMILY = "1,2";
			};
			name = Debug;
		};
		0E0D79FD2D4EB96D004FB156 /* Release */ = {
			isa = XCBuildConfiguration;
			buildSettings = {
				ASSETCATALOG_COMPILER_APPICON_NAME = AppIcon;
				ASSETCATALOG_COMPILER_GLOBAL_ACCENT_COLOR_NAME = AccentColor;
				CODE_SIGN_STYLE = Automatic;
				CURRENT_PROJECT_VERSION = 1;
				DEVELOPMENT_ASSET_PATHS = "\"raketno-nebezpechna-slobidka/Preview Content\"";
				DEVELOPMENT_TEAM = 352H522HS3;
				ENABLE_PREVIEWS = YES;
				GENERATE_INFOPLIST_FILE = YES;
				INFOPLIST_KEY_UIApplicationSceneManifest_Generation = YES;
				INFOPLIST_KEY_UIApplicationSupportsIndirectInputEvents = YES;
				INFOPLIST_KEY_UILaunchScreen_Generation = YES;
				INFOPLIST_KEY_UISupportedInterfaceOrientations_iPad = "UIInterfaceOrientationPortrait UIInterfaceOrientationPortraitUpsideDown UIInterfaceOrientationLandscapeLeft UIInterfaceOrientationLandscapeRight";
				INFOPLIST_KEY_UISupportedInterfaceOrientations_iPhone = "UIInterfaceOrientationPortrait UIInterfaceOrientationLandscapeLeft UIInterfaceOrientationLandscapeRight";
				LD_RUNPATH_SEARCH_PATHS = (
					"$(inherited)",
					"@executable_path/Frameworks",
				);
				MARKETING_VERSION = 1.0;
				PRODUCT_BUNDLE_IDENTIFIER = "com.vitja.projects.raketno-nebezpechna-slobidka";
				PRODUCT_NAME = "$(TARGET_NAME)";
				SWIFT_EMIT_LOC_STRINGS = YES;
				SWIFT_VERSION = 5.0;
				TARGETED_DEVICE_FAMILY = "1,2";
			};
			name = Release;
		};
		0E0D79FF2D4EB96D004FB156 /* Debug */ = {
			isa = XCBuildConfiguration;
			buildSettings = {
				ALWAYS_EMBED_SWIFT_STANDARD_LIBRARIES = YES;
				BUNDLE_LOADER = "$(TEST_HOST)";
				CODE_SIGN_STYLE = Automatic;
				CURRENT_PROJECT_VERSION = 1;
				GENERATE_INFOPLIST_FILE = YES;
				IPHONEOS_DEPLOYMENT_TARGET = 17.2;
				MARKETING_VERSION = 1.0;
				PRODUCT_BUNDLE_IDENTIFIER = "com.vitja.projects.raketno-nebezpechna-slobidkaTests";
				PRODUCT_NAME = "$(TARGET_NAME)";
				SWIFT_EMIT_LOC_STRINGS = NO;
				SWIFT_VERSION = 5.0;
				TARGETED_DEVICE_FAMILY = "1,2";
				TEST_HOST = "$(BUILT_PRODUCTS_DIR)/raketno-nebezpechna-slobidka.app/$(BUNDLE_EXECUTABLE_FOLDER_PATH)/raketno-nebezpechna-slobidka";
			};
			name = Debug;
		};
		0E0D7A002D4EB96D004FB156 /* Release */ = {
			isa = XCBuildConfiguration;
			buildSettings = {
				ALWAYS_EMBED_SWIFT_STANDARD_LIBRARIES = YES;
				BUNDLE_LOADER = "$(TEST_HOST)";
				CODE_SIGN_STYLE = Automatic;
				CURRENT_PROJECT_VERSION = 1;
				GENERATE_INFOPLIST_FILE = YES;
				IPHONEOS_DEPLOYMENT_TARGET = 17.2;
				MARKETING_VERSION = 1.0;
				PRODUCT_BUNDLE_IDENTIFIER = "com.vitja.projects.raketno-nebezpechna-slobidkaTests";
				PRODUCT_NAME = "$(TARGET_NAME)";
				SWIFT_EMIT_LOC_STRINGS = NO;
				SWIFT_VERSION = 5.0;
				TARGETED_DEVICE_FAMILY = "1,2";
				TEST_HOST = "$(BUILT_PRODUCTS_DIR)/raketno-nebezpechna-slobidka.app/$(BUNDLE_EXECUTABLE_FOLDER_PATH)/raketno-nebezpechna-slobidka";
			};
			name = Release;
		};
		0E0D7A022D4EB96D004FB156 /* Debug */ = {
			isa = XCBuildConfiguration;
			buildSettings = {
				ALWAYS_EMBED_SWIFT_STANDARD_LIBRARIES = YES;
				CODE_SIGN_STYLE = Automatic;
				CURRENT_PROJECT_VERSION = 1;
				GENERATE_INFOPLIST_FILE = YES;
				MARKETING_VERSION = 1.0;
				PRODUCT_BUNDLE_IDENTIFIER = "com.vitja.projects.raketno-nebezpechna-slobidkaUITests";
				PRODUCT_NAME = "$(TARGET_NAME)";
				SWIFT_EMIT_LOC_STRINGS = NO;
				SWIFT_VERSION = 5.0;
				TARGETED_DEVICE_FAMILY = "1,2";
				TEST_TARGET_NAME = "raketno-nebezpechna-slobidka";
			};
			name = Debug;
		};
		0E0D7A032D4EB96D004FB156 /* Release */ = {
			isa = XCBuildConfiguration;
			buildSettings = {
				ALWAYS_EMBED_SWIFT_STANDARD_LIBRARIES = YES;
				CODE_SIGN_STYLE = Automatic;
				CURRENT_PROJECT_VERSION = 1;
				GENERATE_INFOPLIST_FILE = YES;
				MARKETING_VERSION = 1.0;
				PRODUCT_BUNDLE_IDENTIFIER = "com.vitja.projects.raketno-nebezpechna-slobidkaUITests";
				PRODUCT_NAME = "$(TARGET_NAME)";
				SWIFT_EMIT_LOC_STRINGS = NO;
				SWIFT_VERSION = 5.0;
				TARGETED_DEVICE_FAMILY = "1,2";
				TEST_TARGET_NAME = "raketno-nebezpechna-slobidka";
			};
			name = Release;
		};
/* End XCBuildConfiguration section */

/* Begin XCConfigurationList section */
		0E0D79D22D4EB96B004FB156 /* Build configuration list for PBXProject "raketno-nebezpechna-slobidka" */ = {
			isa = XCConfigurationList;
			buildConfigurations = (
				0E0D79F92D4EB96D004FB156 /* Debug */,
				0E0D79FA2D4EB96D004FB156 /* Release */,
			);
			defaultConfigurationIsVisible = 0;
			defaultConfigurationName = Release;
		};
		0E0D79FB2D4EB96D004FB156 /* Build configuration list for PBXNativeTarget "raketno-nebezpechna-slobidka" */ = {
			isa = XCConfigurationList;
			buildConfigurations = (
				0E0D79FC2D4EB96D004FB156 /* Debug */,
				0E0D79FD2D4EB96D004FB156 /* Release */,
			);
			defaultConfigurationIsVisible = 0;
			defaultConfigurationName = Release;
		};
		0E0D79FE2D4EB96D004FB156 /* Build configuration list for PBXNativeTarget "raketno-nebezpechna-slobidkaTests" */ = {
			isa = XCConfigurationList;
			buildConfigurations = (
				0E0D79FF2D4EB96D004FB156 /* Debug */,
				0E0D7A002D4EB96D004FB156 /* Release */,
			);
			defaultConfigurationIsVisible = 0;
			defaultConfigurationName = Release;
		};
		0E0D7A012D4EB96D004FB156 /* Build configuration list for PBXNativeTarget "raketno-nebezpechna-slobidkaUITests" */ = {
			isa = XCConfigurationList;
			buildConfigurations = (
				0E0D7A022D4EB96D004FB156 /* Debug */,
				0E0D7A032D4EB96D004FB156 /* Release */,
			);
			defaultConfigurationIsVisible = 0;
			defaultConfigurationName = Release;
		};
/* End XCConfigurationList section */
	};
	rootObject = 0E0D79CF2D4EB96B004FB156 /* Project object */;
}
